
Microsoft Visual Studio Solution File, Format Version 12.00
# Visual Studio Version 17
VisualStudioVersion = 17.7.34031.279
MinimumVisualStudioVersion = 10.0.40219.1
Project("{FAE04EC0-301F-11D3-BF4B-00C04F79EFBC}") = "Week14OOP", "Week14OOP\Week14OOP.csproj", "{4EBD2212-0CAB-4E18-8439-93D51587996A}"
EndProject
Project("{FAE04EC0-301F-11D3-BF4B-00C04F79EFBC}") = "Harjutus", "Harjutus\Harjutus.csproj", "{BFB4CEE3-45A6-42A8-B666-D5738E257776}"
EndProject
Global
	GlobalSection(SolutionConfigurationPlatforms) = preSolution
		Debug|Any CPU = Debug|Any CPU
		Release|Any CPU = Release|Any CPU
	EndGlobalSection
	GlobalSection(ProjectConfigurationPlatforms) = postSolution
		{4EBD2212-0CAB-4E18-8439-93D51587996A}.Debug|Any CPU.ActiveCfg = Debug|Any CPU
		{4EBD2212-0CAB-4E18-8439-93D51587996A}.Debug|Any CPU.Build.0 = Debug|Any CPU
		{4EBD2212-0CAB-4E18-8439-93D51587996A}.Release|Any CPU.ActiveCfg = Release|Any CPU
		{4EBD2212-0CAB-4E18-8439-93D51587996A}.Release|Any CPU.Build.0 = Release|Any CPU
		{BFB4CEE3-45A6-42A8-B666-D5738E257776}.Debug|Any CPU.ActiveCfg = Debug|Any CPU
		{BFB4CEE3-45A6-42A8-B666-D5738E257776}.Debug|Any CPU.Build.0 = Debug|Any CPU
		{BFB4CEE3-45A6-42A8-B666-D5738E257776}.Release|Any CPU.ActiveCfg = Release|Any CPU
		{BFB4CEE3-45A6-42A8-B666-D5738E257776}.Release|Any CPU.Build.0 = Release|Any CPU
	EndGlobalSection
	GlobalSection(SolutionProperties) = preSolution
		HideSolutionNode = FALSE
	EndGlobalSection
	GlobalSection(ExtensibilityGlobals) = postSolution
		SolutionGuid = {3498CED7-0535-41FF-8A36-DF1C02A7B1E6}
	EndGlobalSection
EndGlobal
